
Microsoft Visual Studio Solution File, Format Version 12.00
# Visual Studio 15
VisualStudioVersion = 15.0.27130.2026
MinimumVisualStudioVersion = 10.0.40219.1
Project("{FAE04EC0-301F-11D3-BF4B-00C04F79EFBC}") = "Hola", "Hola\Hola.csproj", "{8CCF0A2F-8B3F-402F-8C94-429C52F0447C}"
EndProject
Global
	GlobalSection(SolutionConfigurationPlatforms) = preSolution
		Debug|Any CPU = Debug|Any CPU
		Release|Any CPU = Release|Any CPU
	EndGlobalSection
	GlobalSection(ProjectConfigurationPlatforms) = postSolution
		{8CCF0A2F-8B3F-402F-8C94-429C52F0447C}.Debug|Any CPU.ActiveCfg = Debug|Any CPU
		{8CCF0A2F-8B3F-402F-8C94-429C52F0447C}.Debug|Any CPU.Build.0 = Debug|Any CPU
		{8CCF0A2F-8B3F-402F-8C94-429C52F0447C}.Release|Any CPU.ActiveCfg = Release|Any CPU
		{8CCF0A2F-8B3F-402F-8C94-429C52F0447C}.Release|Any CPU.Build.0 = Release|Any CPU
	EndGlobalSection
	GlobalSection(SolutionProperties) = preSolution
		HideSolutionNode = FALSE
	EndGlobalSection
	GlobalSection(ExtensibilityGlobals) = postSolution
		SolutionGuid = {57F051EB-72F5-4633-ABCF-4EA5015A8CE3}
	EndGlobalSection
EndGlobal
